// !$*UTF8*$!
{
	archiveVersion = 1;
	classes = {
	};
	objectVersion = 50;
	objects = {

/* Begin PBXBuildFile section */
		8F1B4C1E24B6174200BE8E3C /* AppDelegate.swift in Sources */ = {isa = PBXBuildFile; fileRef = 8F1B4C1D24B6174200BE8E3C /* AppDelegate.swift */; };
		8F1B4C2024B6174200BE8E3C /* SceneDelegate.swift in Sources */ = {isa = PBXBuildFile; fileRef = 8F1B4C1F24B6174200BE8E3C /* SceneDelegate.swift */; };
		8F1B4C2224B6174200BE8E3C /* NaviViewController.swift in Sources */ = {isa = PBXBuildFile; fileRef = 8F1B4C2124B6174200BE8E3C /* NaviViewController.swift */; };
		8F1B4C2524B6174200BE8E3C /* Main.storyboard in Resources */ = {isa = PBXBuildFile; fileRef = 8F1B4C2324B6174200BE8E3C /* Main.storyboard */; };
		8F1B4C2724B6174C00BE8E3C /* Assets.xcassets in Resources */ = {isa = PBXBuildFile; fileRef = 8F1B4C2624B6174C00BE8E3C /* Assets.xcassets */; };
		8F1B4C2A24B6174C00BE8E3C /* LaunchScreen.storyboard in Resources */ = {isa = PBXBuildFile; fileRef = 8F1B4C2824B6174C00BE8E3C /* LaunchScreen.storyboard */; };
		8F1B4C3224B618F200BE8E3C /* SettingsViewController.swift in Sources */ = {isa = PBXBuildFile; fileRef = 8F1B4C3124B618F200BE8E3C /* SettingsViewController.swift */; };
		8F1B4C3424B626C700BE8E3C /* QViewController.swift in Sources */ = {isa = PBXBuildFile; fileRef = 8F1B4C3324B626C700BE8E3C /* QViewController.swift */; };
		8F1B4C3624B6272A00BE8E3C /* GloballyApplied.swift in Sources */ = {isa = PBXBuildFile; fileRef = 8F1B4C3524B6272A00BE8E3C /* GloballyApplied.swift */; };
		8F1B4C3824B627DD00BE8E3C /* PViewController.swift in Sources */ = {isa = PBXBuildFile; fileRef = 8F1B4C3724B627DD00BE8E3C /* PViewController.swift */; };
		8F1B4C3A24B62B5E00BE8E3C /* CrossDissolutionCollection.swift in Sources */ = {isa = PBXBuildFile; fileRef = 8F1B4C3924B62B5E00BE8E3C /* CrossDissolutionCollection.swift */; };
		8F1B4C3C24B6311C00BE8E3C /* MViewController.swift in Sources */ = {isa = PBXBuildFile; fileRef = 8F1B4C3B24B6311C00BE8E3C /* MViewController.swift */; };
		8F58F51F24BCB48F00C217D9 /* TBBV.storyboard in Resources */ = {isa = PBXBuildFile; fileRef = 8F58F51E24BCB48F00C217D9 /* TBBV.storyboard */; };
		8F58F52124BCB64900C217D9 /* TBBVViewController.swift in Sources */ = {isa = PBXBuildFile; fileRef = 8F58F52024BCB64900C217D9 /* TBBVViewController.swift */; };
		8F58F52324BCBD9400C217D9 /* InfoTransistedViewController.swift in Sources */ = {isa = PBXBuildFile; fileRef = 8F58F52224BCBD9400C217D9 /* InfoTransistedViewController.swift */; };
		8F58F52524BCEFF800C217D9 /* TbbvCell.swift in Sources */ = {isa = PBXBuildFile; fileRef = 8F58F52424BCEFF800C217D9 /* TbbvCell.swift */; };
		8F58F52824BD02FB00C217D9 /* ShelfCell.swift in Sources */ = {isa = PBXBuildFile; fileRef = 8F58F52624BD02FB00C217D9 /* ShelfCell.swift */; };
		8F58F52924BD02FB00C217D9 /* ShelfCell.xib in Resources */ = {isa = PBXBuildFile; fileRef = 8F58F52724BD02FB00C217D9 /* ShelfCell.xib */; };
/* End PBXBuildFile section */

/* Begin PBXFileReference section */
		8F1B4C1A24B6174100BE8E3C /* Navy.app */ = {isa = PBXFileReference; explicitFileType = wrapper.application; includeInIndex = 0; path = Navy.app; sourceTree = BUILT_PRODUCTS_DIR; };
		8F1B4C1D24B6174200BE8E3C /* AppDelegate.swift */ = {isa = PBXFileReference; lastKnownFileType = sourcecode.swift; path = AppDelegate.swift; sourceTree = "<group>"; };
		8F1B4C1F24B6174200BE8E3C /* SceneDelegate.swift */ = {isa = PBXFileReference; lastKnownFileType = sourcecode.swift; path = SceneDelegate.swift; sourceTree = "<group>"; };
		8F1B4C2124B6174200BE8E3C /* NaviViewController.swift */ = {isa = PBXFileReference; lastKnownFileType = sourcecode.swift; path = NaviViewController.swift; sourceTree = "<group>"; };
		8F1B4C2424B6174200BE8E3C /* Base */ = {isa = PBXFileReference; lastKnownFileType = file.storyboard; name = Base; path = Base.lproj/Main.storyboard; sourceTree = "<group>"; };
		8F1B4C2624B6174C00BE8E3C /* Assets.xcassets */ = {isa = PBXFileReference; lastKnownFileType = folder.assetcatalog; path = Assets.xcassets; sourceTree = "<group>"; };
		8F1B4C2924B6174C00BE8E3C /* Base */ = {isa = PBXFileReference; lastKnownFileType = file.storyboard; name = Base; path = Base.lproj/LaunchScreen.storyboard; sourceTree = "<group>"; };
		8F1B4C2B24B6174C00BE8E3C /* Info.plist */ = {isa = PBXFileReference; lastKnownFileType = text.plist.xml; path = Info.plist; sourceTree = "<group>"; };
		8F1B4C3124B618F200BE8E3C /* SettingsViewController.swift */ = {isa = PBXFileReference; lastKnownFileType = sourcecode.swift; path = SettingsViewController.swift; sourceTree = "<group>"; };
		8F1B4C3324B626C700BE8E3C /* QViewController.swift */ = {isa = PBXFileReference; lastKnownFileType = sourcecode.swift; path = QViewController.swift; sourceTree = "<group>"; };
		8F1B4C3524B6272A00BE8E3C /* GloballyApplied.swift */ = {isa = PBXFileReference; lastKnownFileType = sourcecode.swift; path = GloballyApplied.swift; sourceTree = "<group>"; };
		8F1B4C3724B627DD00BE8E3C /* PViewController.swift */ = {isa = PBXFileReference; lastKnownFileType = sourcecode.swift; path = PViewController.swift; sourceTree = "<group>"; };
		8F1B4C3924B62B5E00BE8E3C /* CrossDissolutionCollection.swift */ = {isa = PBXFileReference; lastKnownFileType = sourcecode.swift; path = CrossDissolutionCollection.swift; sourceTree = "<group>"; };
		8F1B4C3B24B6311C00BE8E3C /* MViewController.swift */ = {isa = PBXFileReference; lastKnownFileType = sourcecode.swift; path = MViewController.swift; sourceTree = "<group>"; };
		8F58F51E24BCB48F00C217D9 /* TBBV.storyboard */ = {isa = PBXFileReference; lastKnownFileType = file.storyboard; path = TBBV.storyboard; sourceTree = "<group>"; };
		8F58F52024BCB64900C217D9 /* TBBVViewController.swift */ = {isa = PBXFileReference; lastKnownFileType = sourcecode.swift; path = TBBVViewController.swift; sourceTree = "<group>"; };
		8F58F52224BCBD9400C217D9 /* InfoTransistedViewController.swift */ = {isa = PBXFileReference; lastKnownFileType = sourcecode.swift; path = InfoTransistedViewController.swift; sourceTree = "<group>"; };
		8F58F52424BCEFF800C217D9 /* TbbvCell.swift */ = {isa = PBXFileReference; lastKnownFileType = sourcecode.swift; path = TbbvCell.swift; sourceTree = "<group>"; };
		8F58F52624BD02FB00C217D9 /* ShelfCell.swift */ = {isa = PBXFileReference; lastKnownFileType = sourcecode.swift; path = ShelfCell.swift; sourceTree = "<group>"; };
		8F58F52724BD02FB00C217D9 /* ShelfCell.xib */ = {isa = PBXFileReference; lastKnownFileType = file.xib; path = ShelfCell.xib; sourceTree = "<group>"; };
/* End PBXFileReference section */

/* Begin PBXFrameworksBuildPhase section */
		8F1B4C1724B6174100BE8E3C /* Frameworks */ = {
			isa = PBXFrameworksBuildPhase;
			buildActionMask = 2147483647;
			files = (
			);
			runOnlyForDeploymentPostprocessing = 0;
		};
/* End PBXFrameworksBuildPhase section */

/* Begin PBXGroup section */
		8F1B4C1124B6174100BE8E3C = {
			isa = PBXGroup;
			children = (
				8F1B4C1C24B6174200BE8E3C /* Navy */,
				8F1B4C1B24B6174100BE8E3C /* Products */,
			);
			sourceTree = "<group>";
		};
		8F1B4C1B24B6174100BE8E3C /* Products */ = {
			isa = PBXGroup;
			children = (
				8F1B4C1A24B6174100BE8E3C /* Navy.app */,
			);
			name = Products;
			sourceTree = "<group>";
		};
		8F1B4C1C24B6174200BE8E3C /* Navy */ = {
			isa = PBXGroup;
			children = (
				8F1B4C1F24B6174200BE8E3C /* SceneDelegate.swift */,
				8F1B4C1D24B6174200BE8E3C /* AppDelegate.swift */,
				8F1B4C2124B6174200BE8E3C /* NaviViewController.swift */,
				8F1B4C3124B618F200BE8E3C /* SettingsViewController.swift */,
				8F1B4C3324B626C700BE8E3C /* QViewController.swift */,
				8F1B4C3724B627DD00BE8E3C /* PViewController.swift */,
				8F1B4C3B24B6311C00BE8E3C /* MViewController.swift */,
				8F1B4C3524B6272A00BE8E3C /* GloballyApplied.swift */,
				8F1B4C3924B62B5E00BE8E3C /* CrossDissolutionCollection.swift */,
				8F1B4C2324B6174200BE8E3C /* Main.storyboard */,
				8F58F51E24BCB48F00C217D9 /* TBBV.storyboard */,
				8F58F52024BCB64900C217D9 /* TBBVViewController.swift */,
				8F58F52424BCEFF800C217D9 /* TbbvCell.swift */,
				8F58F52624BD02FB00C217D9 /* ShelfCell.swift */,
				8F58F52724BD02FB00C217D9 /* ShelfCell.xib */,
				8F58F52224BCBD9400C217D9 /* InfoTransistedViewController.swift */,
				8F1B4C2624B6174C00BE8E3C /* Assets.xcassets */,
				8F1B4C2824B6174C00BE8E3C /* LaunchScreen.storyboard */,
				8F1B4C2B24B6174C00BE8E3C /* Info.plist */,
			);
			path = Navy;
			sourceTree = "<group>";
		};
/* End PBXGroup section */

/* Begin PBXNativeTarget section */
		8F1B4C1924B6174100BE8E3C /* Navy */ = {
			isa = PBXNativeTarget;
			buildConfigurationList = 8F1B4C2E24B6174C00BE8E3C /* Build configuration list for PBXNativeTarget "Navy" */;
			buildPhases = (
				8F1B4C1624B6174100BE8E3C /* Sources */,
				8F1B4C1724B6174100BE8E3C /* Frameworks */,
				8F1B4C1824B6174100BE8E3C /* Resources */,
			);
			buildRules = (
			);
			dependencies = (
			);
			name = Navy;
			productName = Navy;
			productReference = 8F1B4C1A24B6174100BE8E3C /* Navy.app */;
			productType = "com.apple.product-type.application";
		};
/* End PBXNativeTarget section */

/* Begin PBXProject section */
		8F1B4C1224B6174100BE8E3C /* Project object */ = {
			isa = PBXProject;
			attributes = {
				LastSwiftUpdateCheck = 1140;
				LastUpgradeCheck = 1140;
				ORGANIZATIONNAME = "Jerry Ren";
				TargetAttributes = {
					8F1B4C1924B6174100BE8E3C = {
						CreatedOnToolsVersion = 11.4.1;
					};
				};
			};
			buildConfigurationList = 8F1B4C1524B6174100BE8E3C /* Build configuration list for PBXProject "Navy" */;
			compatibilityVersion = "Xcode 9.3";
			developmentRegion = en;
			hasScannedForEncodings = 0;
			knownRegions = (
				en,
				Base,
			);
			mainGroup = 8F1B4C1124B6174100BE8E3C;
			productRefGroup = 8F1B4C1B24B6174100BE8E3C /* Products */;
			projectDirPath = "";
			projectRoot = "";
			targets = (
				8F1B4C1924B6174100BE8E3C /* Navy */,
			);
		};
/* End PBXProject section */

/* Begin PBXResourcesBuildPhase section */
		8F1B4C1824B6174100BE8E3C /* Resources */ = {
			isa = PBXResourcesBuildPhase;
			buildActionMask = 2147483647;
			files = (
				8F58F51F24BCB48F00C217D9 /* TBBV.storyboard in Resources */,
				8F58F52924BD02FB00C217D9 /* ShelfCell.xib in Resources */,
				8F1B4C2A24B6174C00BE8E3C /* LaunchScreen.storyboard in Resources */,
				8F1B4C2724B6174C00BE8E3C /* Assets.xcassets in Resources */,
				8F1B4C2524B6174200BE8E3C /* Main.storyboard in Resources */,
			);
			runOnlyForDeploymentPostprocessing = 0;
		};
/* End PBXResourcesBuildPhase section */

/* Begin PBXSourcesBuildPhase section */
		8F1B4C1624B6174100BE8E3C /* Sources */ = {
			isa = PBXSourcesBuildPhase;
			buildActionMask = 2147483647;
			files = (
				8F1B4C3824B627DD00BE8E3C /* PViewController.swift in Sources */,
				8F1B4C3C24B6311C00BE8E3C /* MViewController.swift in Sources */,
				8F1B4C2224B6174200BE8E3C /* NaviViewController.swift in Sources */,
				8F1B4C1E24B6174200BE8E3C /* AppDelegate.swift in Sources */,
				8F58F52124BCB64900C217D9 /* TBBVViewController.swift in Sources */,
				8F1B4C2024B6174200BE8E3C /* SceneDelegate.swift in Sources */,
				8F1B4C3A24B62B5E00BE8E3C /* CrossDissolutionCollection.swift in Sources */,
				8F1B4C3424B626C700BE8E3C /* QViewController.swift in Sources */,
				8F58F52324BCBD9400C217D9 /* InfoTransistedViewController.swift in Sources */,
				8F58F52824BD02FB00C217D9 /* ShelfCell.swift in Sources */,
				8F1B4C3224B618F200BE8E3C /* SettingsViewController.swift in Sources */,
				8F1B4C3624B6272A00BE8E3C /* GloballyApplied.swift in Sources */,
				8F58F52524BCEFF800C217D9 /* TbbvCell.swift in Sources */,
			);
			runOnlyForDeploymentPostprocessing = 0;
		};
/* End PBXSourcesBuildPhase section */

/* Begin PBXVariantGroup section */
		8F1B4C2324B6174200BE8E3C /* Main.storyboard */ = {
			isa = PBXVariantGroup;
			children = (
				8F1B4C2424B6174200BE8E3C /* Base */,
			);
			name = Main.storyboard;
			sourceTree = "<group>";
		};
		8F1B4C2824B6174C00BE8E3C /* LaunchScreen.storyboard */ = {
			isa = PBXVariantGroup;
			children = (
				8F1B4C2924B6174C00BE8E3C /* Base */,
			);
			name = LaunchScreen.storyboard;
			sourceTree = "<group>";
		};
/* End PBXVariantGroup section */

/* Begin XCBuildConfiguration section */
		8F1B4C2C24B6174C00BE8E3C /* Debug */ = {
			isa = XCBuildConfiguration;
			buildSettings = {
				ALWAYS_SEARCH_USER_PATHS = NO;
				CLANG_ANALYZER_NONNULL = YES;
				CLANG_ANALYZER_NUMBER_OBJECT_CONVERSION = YES_AGGRESSIVE;
				CLANG_CXX_LANGUAGE_STANDARD = "gnu++14";
				CLANG_CXX_LIBRARY = "libc++";
				CLANG_ENABLE_MODULES = YES;
				CLANG_ENABLE_OBJC_ARC = YES;
				CLANG_ENABLE_OBJC_WEAK = YES;
				CLANG_WARN_BLOCK_CAPTURE_AUTORELEASING = YES;
				CLANG_WARN_BOOL_CONVERSION = YES;
				CLANG_WARN_COMMA = YES;
				CLANG_WARN_CONSTANT_CONVERSION = YES;
				CLANG_WARN_DEPRECATED_OBJC_IMPLEMENTATIONS = YES;
				CLANG_WARN_DIRECT_OBJC_ISA_USAGE = YES_ERROR;
				CLANG_WARN_DOCUMENTATION_COMMENTS = YES;
				CLANG_WARN_EMPTY_BODY = YES;
				CLANG_WARN_ENUM_CONVERSION = YES;
				CLANG_WARN_INFINITE_RECURSION = YES;
				CLANG_WARN_INT_CONVERSION = YES;
				CLANG_WARN_NON_LITERAL_NULL_CONVERSION = YES;
				CLANG_WARN_OBJC_IMPLICIT_RETAIN_SELF = YES;
				CLANG_WARN_OBJC_LITERAL_CONVERSION = YES;
				CLANG_WARN_OBJC_ROOT_CLASS = YES_ERROR;
				CLANG_WARN_RANGE_LOOP_ANALYSIS = YES;
				CLANG_WARN_STRICT_PROTOTYPES = YES;
				CLANG_WARN_SUSPICIOUS_MOVE = YES;
				CLANG_WARN_UNGUARDED_AVAILABILITY = YES_AGGRESSIVE;
				CLANG_WARN_UNREACHABLE_CODE = YES;
				CLANG_WARN__DUPLICATE_METHOD_MATCH = YES;
				COPY_PHASE_STRIP = NO;
				DEBUG_INFORMATION_FORMAT = dwarf;
				ENABLE_STRICT_OBJC_MSGSEND = YES;
				ENABLE_TESTABILITY = YES;
				GCC_C_LANGUAGE_STANDARD = gnu11;
				GCC_DYNAMIC_NO_PIC = NO;
				GCC_NO_COMMON_BLOCKS = YES;
				GCC_OPTIMIZATION_LEVEL = 0;
				GCC_PREPROCESSOR_DEFINITIONS = (
					"DEBUG=1",
					"$(inherited)",
				);
				GCC_WARN_64_TO_32_BIT_CONVERSION = YES;
				GCC_WARN_ABOUT_RETURN_TYPE = YES_ERROR;
				GCC_WARN_UNDECLARED_SELECTOR = YES;
				GCC_WARN_UNINITIALIZED_AUTOS = YES_AGGRESSIVE;
				GCC_WARN_UNUSED_FUNCTION = YES;
				GCC_WARN_UNUSED_VARIABLE = YES;
				IPHONEOS_DEPLOYMENT_TARGET = 13.4;
				MTL_ENABLE_DEBUG_INFO = INCLUDE_SOURCE;
				MTL_FAST_MATH = YES;
				ONLY_ACTIVE_ARCH = YES;
				SDKROOT = iphoneos;
				SWIFT_ACTIVE_COMPILATION_CONDITIONS = DEBUG;
				SWIFT_OPTIMIZATION_LEVEL = "-Onone";
			};
			name = Debug;
		};
		8F1B4C2D24B6174C00BE8E3C /* Release */ = {
			isa = XCBuildConfiguration;
			buildSettings = {
				ALWAYS_SEARCH_USER_PATHS = NO;
				CLANG_ANALYZER_NONNULL = YES;
				CLANG_ANALYZER_NUMBER_OBJECT_CONVERSION = YES_AGGRESSIVE;
				CLANG_CXX_LANGUAGE_STANDARD = "gnu++14";
				CLANG_CXX_LIBRARY = "libc++";
				CLANG_ENABLE_MODULES = YES;
				CLANG_ENABLE_OBJC_ARC = YES;
				CLANG_ENABLE_OBJC_WEAK = YES;
				CLANG_WARN_BLOCK_CAPTURE_AUTORELEASING = YES;
				CLANG_WARN_BOOL_CONVERSION = YES;
				CLANG_WARN_COMMA = YES;
				CLANG_WARN_CONSTANT_CONVERSION = YES;
				CLANG_WARN_DEPRECATED_OBJC_IMPLEMENTATIONS = YES;
				CLANG_WARN_DIRECT_OBJC_ISA_USAGE = YES_ERROR;
				CLANG_WARN_DOCUMENTATION_COMMENTS = YES;
				CLANG_WARN_EMPTY_BODY = YES;
				CLANG_WARN_ENUM_CONVERSION = YES;
				CLANG_WARN_INFINITE_RECURSION = YES;
				CLANG_WARN_INT_CONVERSION = YES;
				CLANG_WARN_NON_LITERAL_NULL_CONVERSION = YES;
				CLANG_WARN_OBJC_IMPLICIT_RETAIN_SELF = YES;
				CLANG_WARN_OBJC_LITERAL_CONVERSION = YES;
				CLANG_WARN_OBJC_ROOT_CLASS = YES_ERROR;
				CLANG_WARN_RANGE_LOOP_ANALYSIS = YES;
				CLANG_WARN_STRICT_PROTOTYPES = YES;
				CLANG_WARN_SUSPICIOUS_MOVE = YES;
				CLANG_WARN_UNGUARDED_AVAILABILITY = YES_AGGRESSIVE;
				CLANG_WARN_UNREACHABLE_CODE = YES;
				CLANG_WARN__DUPLICATE_METHOD_MATCH = YES;
				COPY_PHASE_STRIP = NO;
				DEBUG_INFORMATION_FORMAT = "dwarf-with-dsym";
				ENABLE_NS_ASSERTIONS = NO;
				ENABLE_STRICT_OBJC_MSGSEND = YES;
				GCC_C_LANGUAGE_STANDARD = gnu11;
				GCC_NO_COMMON_BLOCKS = YES;
				GCC_WARN_64_TO_32_BIT_CONVERSION = YES;
				GCC_WARN_ABOUT_RETURN_TYPE = YES_ERROR;
				GCC_WARN_UNDECLARED_SELECTOR = YES;
				GCC_WARN_UNINITIALIZED_AUTOS = YES_AGGRESSIVE;
				GCC_WARN_UNUSED_FUNCTION = YES;
				GCC_WARN_UNUSED_VARIABLE = YES;
				IPHONEOS_DEPLOYMENT_TARGET = 13.4;
				MTL_ENABLE_DEBUG_INFO = NO;
				MTL_FAST_MATH = YES;
				SDKROOT = iphoneos;
				SWIFT_COMPILATION_MODE = wholemodule;
				SWIFT_OPTIMIZATION_LEVEL = "-O";
				VALIDATE_PRODUCT = YES;
			};
			name = Release;
		};
		8F1B4C2F24B6174C00BE8E3C /* Debug */ = {
			isa = XCBuildConfiguration;
			buildSettings = {
				ASSETCATALOG_COMPILER_APPICON_NAME = AppIcon;
				CODE_SIGN_STYLE = Automatic;
				DEVELOPMENT_TEAM = AAPS2WKL6R;
				INFOPLIST_FILE = Navy/Info.plist;
				LD_RUNPATH_SEARCH_PATHS = (
					"$(inherited)",
					"@executable_path/Frameworks",
				);
				PRODUCT_BUNDLE_IDENTIFIER = com.JerExplosion.Navy;
				PRODUCT_NAME = "$(TARGET_NAME)";
				SWIFT_VERSION = 5.0;
				TARGETED_DEVICE_FAMILY = "1,2";
			};
			name = Debug;
		};
		8F1B4C3024B6174C00BE8E3C /* Release */ = {
			isa = XCBuildConfiguration;
			buildSettings = {
				ASSETCATALOG_COMPILER_APPICON_NAME = AppIcon;
				CODE_SIGN_STYLE = Automatic;
				DEVELOPMENT_TEAM = AAPS2WKL6R;
				INFOPLIST_FILE = Navy/Info.plist;
				LD_RUNPATH_SEARCH_PATHS = (
					"$(inherited)",
					"@executable_path/Frameworks",
				);
				PRODUCT_BUNDLE_IDENTIFIER = com.JerExplosion.Navy;
				PRODUCT_NAME = "$(TARGET_NAME)";
				SWIFT_VERSION = 5.0;
				TARGETED_DEVICE_FAMILY = "1,2";
			};
			name = Release;
		};
/* End XCBuildConfiguration section */

/* Begin XCConfigurationList section */
		8F1B4C1524B6174100BE8E3C /* Build configuration list for PBXProject "Navy" */ = {
			isa = XCConfigurationList;
			buildConfigurations = (
				8F1B4C2C24B6174C00BE8E3C /* Debug */,
				8F1B4C2D24B6174C00BE8E3C /* Release */,
			);
			defaultConfigurationIsVisible = 0;
			defaultConfigurationName = Release;
		};
		8F1B4C2E24B6174C00BE8E3C /* Build configuration list for PBXNativeTarget "Navy" */ = {
			isa = XCConfigurationList;
			buildConfigurations = (
				8F1B4C2F24B6174C00BE8E3C /* Debug */,
				8F1B4C3024B6174C00BE8E3C /* Release */,
			);
			defaultConfigurationIsVisible = 0;
			defaultConfigurationName = Release;
		};
/* End XCConfigurationList section */
	};
	rootObject = 8F1B4C1224B6174100BE8E3C /* Project object */;
}
