// !$*UTF8*$!
{
	archiveVersion = 1;
	classes = {
	};
	objectVersion = 50;
	objects = {

/* Begin PBXBuildFile section */
		8F1146B824BA7BBB005CA048 /* IBDesignables.swift in Sources */ = {isa = PBXBuildFile; fileRef = 8F1146B724BA7BBB005CA048 /* IBDesignables.swift */; };
		8FEB0D4724B92537000C01C4 /* AppDelegate.swift in Sources */ = {isa = PBXBuildFile; fileRef = 8FEB0D4624B92537000C01C4 /* AppDelegate.swift */; };
		8FEB0D4924B92537000C01C4 /* SceneDelegate.swift in Sources */ = {isa = PBXBuildFile; fileRef = 8FEB0D4824B92537000C01C4 /* SceneDelegate.swift */; };
		8FEB0D4B24B92537000C01C4 /* SignaUViewController.swift in Sources */ = {isa = PBXBuildFile; fileRef = 8FEB0D4A24B92537000C01C4 /* SignaUViewController.swift */; };
		8FEB0D4E24B92537000C01C4 /* Main.storyboard in Resources */ = {isa = PBXBuildFile; fileRef = 8FEB0D4C24B92537000C01C4 /* Main.storyboard */; };
		8FEB0D5024B9253D000C01C4 /* Assets.xcassets in Resources */ = {isa = PBXBuildFile; fileRef = 8FEB0D4F24B9253D000C01C4 /* Assets.xcassets */; };
		8FEB0D5324B9253D000C01C4 /* LaunchScreen.storyboard in Resources */ = {isa = PBXBuildFile; fileRef = 8FEB0D5124B9253D000C01C4 /* LaunchScreen.storyboard */; };
/* End PBXBuildFile section */

/* Begin PBXFileReference section */
		8F1146B724BA7BBB005CA048 /* IBDesignables.swift */ = {isa = PBXFileReference; lastKnownFileType = sourcecode.swift; path = IBDesignables.swift; sourceTree = "<group>"; };
		8FEB0D4324B92537000C01C4 /* UpSignUp.app */ = {isa = PBXFileReference; explicitFileType = wrapper.application; includeInIndex = 0; path = UpSignUp.app; sourceTree = BUILT_PRODUCTS_DIR; };
		8FEB0D4624B92537000C01C4 /* AppDelegate.swift */ = {isa = PBXFileReference; lastKnownFileType = sourcecode.swift; path = AppDelegate.swift; sourceTree = "<group>"; };
		8FEB0D4824B92537000C01C4 /* SceneDelegate.swift */ = {isa = PBXFileReference; lastKnownFileType = sourcecode.swift; path = SceneDelegate.swift; sourceTree = "<group>"; };
		8FEB0D4A24B92537000C01C4 /* SignaUViewController.swift */ = {isa = PBXFileReference; lastKnownFileType = sourcecode.swift; path = SignaUViewController.swift; sourceTree = "<group>"; };
		8FEB0D4D24B92537000C01C4 /* Base */ = {isa = PBXFileReference; lastKnownFileType = file.storyboard; name = Base; path = Base.lproj/Main.storyboard; sourceTree = "<group>"; };
		8FEB0D4F24B9253D000C01C4 /* Assets.xcassets */ = {isa = PBXFileReference; lastKnownFileType = folder.assetcatalog; path = Assets.xcassets; sourceTree = "<group>"; };
		8FEB0D5224B9253D000C01C4 /* Base */ = {isa = PBXFileReference; lastKnownFileType = file.storyboard; name = Base; path = Base.lproj/LaunchScreen.storyboard; sourceTree = "<group>"; };
		8FEB0D5424B9253D000C01C4 /* Info.plist */ = {isa = PBXFileReference; lastKnownFileType = text.plist.xml; path = Info.plist; sourceTree = "<group>"; };
/* End PBXFileReference section */

/* Begin PBXFrameworksBuildPhase section */
		8FEB0D4024B92537000C01C4 /* Frameworks */ = {
			isa = PBXFrameworksBuildPhase;
			buildActionMask = 2147483647;
			files = (
			);
			runOnlyForDeploymentPostprocessing = 0;
		};
/* End PBXFrameworksBuildPhase section */

/* Begin PBXGroup section */
		8FEB0D3A24B92537000C01C4 = {
			isa = PBXGroup;
			children = (
				8FEB0D4524B92537000C01C4 /* UpSignUp */,
				8FEB0D4424B92537000C01C4 /* Products */,
			);
			sourceTree = "<group>";
		};
		8FEB0D4424B92537000C01C4 /* Products */ = {
			isa = PBXGroup;
			children = (
				8FEB0D4324B92537000C01C4 /* UpSignUp.app */,
			);
			name = Products;
			sourceTree = "<group>";
		};
		8FEB0D4524B92537000C01C4 /* UpSignUp */ = {
			isa = PBXGroup;
			children = (
				8FEB0D4624B92537000C01C4 /* AppDelegate.swift */,
				8FEB0D4824B92537000C01C4 /* SceneDelegate.swift */,
				8FEB0D4A24B92537000C01C4 /* SignaUViewController.swift */,
				8F1146B724BA7BBB005CA048 /* IBDesignables.swift */,
				8FEB0D4C24B92537000C01C4 /* Main.storyboard */,
				8FEB0D4F24B9253D000C01C4 /* Assets.xcassets */,
				8FEB0D5124B9253D000C01C4 /* LaunchScreen.storyboard */,
				8FEB0D5424B9253D000C01C4 /* Info.plist */,
			);
			path = UpSignUp;
			sourceTree = "<group>";
		};
/* End PBXGroup section */

/* Begin PBXNativeTarget section */
		8FEB0D4224B92537000C01C4 /* UpSignUp */ = {
			isa = PBXNativeTarget;
			buildConfigurationList = 8FEB0D5724B9253D000C01C4 /* Build configuration list for PBXNativeTarget "UpSignUp" */;
			buildPhases = (
				8FEB0D3F24B92537000C01C4 /* Sources */,
				8FEB0D4024B92537000C01C4 /* Frameworks */,
				8FEB0D4124B92537000C01C4 /* Resources */,
			);
			buildRules = (
			);
			dependencies = (
			);
			name = UpSignUp;
			productName = UpSignUp;
			productReference = 8FEB0D4324B92537000C01C4 /* UpSignUp.app */;
			productType = "com.apple.product-type.application";
		};
/* End PBXNativeTarget section */

/* Begin PBXProject section */
		8FEB0D3B24B92537000C01C4 /* Project object */ = {
			isa = PBXProject;
			attributes = {
				LastSwiftUpdateCheck = 1140;
				LastUpgradeCheck = 1140;
				ORGANIZATIONNAME = "Jerry Ren";
				TargetAttributes = {
					8FEB0D4224B92537000C01C4 = {
						CreatedOnToolsVersion = 11.4.1;
					};
				};
			};
			buildConfigurationList = 8FEB0D3E24B92537000C01C4 /* Build configuration list for PBXProject "UpSignUp" */;
			compatibilityVersion = "Xcode 9.3";
			developmentRegion = en;
			hasScannedForEncodings = 0;
			knownRegions = (
				en,
				Base,
			);
			mainGroup = 8FEB0D3A24B92537000C01C4;
			productRefGroup = 8FEB0D4424B92537000C01C4 /* Products */;
			projectDirPath = "";
			projectRoot = "";
			targets = (
				8FEB0D4224B92537000C01C4 /* UpSignUp */,
			);
		};
/* End PBXProject section */

/* Begin PBXResourcesBuildPhase section */
		8FEB0D4124B92537000C01C4 /* Resources */ = {
			isa = PBXResourcesBuildPhase;
			buildActionMask = 2147483647;
			files = (
				8FEB0D5324B9253D000C01C4 /* LaunchScreen.storyboard in Resources */,
				8FEB0D5024B9253D000C01C4 /* Assets.xcassets in Resources */,
				8FEB0D4E24B92537000C01C4 /* Main.storyboard in Resources */,
			);
			runOnlyForDeploymentPostprocessing = 0;
		};
/* End PBXResourcesBuildPhase section */

/* Begin PBXSourcesBuildPhase section */
		8FEB0D3F24B92537000C01C4 /* Sources */ = {
			isa = PBXSourcesBuildPhase;
			buildActionMask = 2147483647;
			files = (
				8FEB0D4B24B92537000C01C4 /* SignaUViewController.swift in Sources */,
				8FEB0D4724B92537000C01C4 /* AppDelegate.swift in Sources */,
				8F1146B824BA7BBB005CA048 /* IBDesignables.swift in Sources */,
				8FEB0D4924B92537000C01C4 /* SceneDelegate.swift in Sources */,
			);
			runOnlyForDeploymentPostprocessing = 0;
		};
/* End PBXSourcesBuildPhase section */

/* Begin PBXVariantGroup section */
		8FEB0D4C24B92537000C01C4 /* Main.storyboard */ = {
			isa = PBXVariantGroup;
			children = (
				8FEB0D4D24B92537000C01C4 /* Base */,
			);
			name = Main.storyboard;
			sourceTree = "<group>";
		};
		8FEB0D5124B9253D000C01C4 /* LaunchScreen.storyboard */ = {
			isa = PBXVariantGroup;
			children = (
				8FEB0D5224B9253D000C01C4 /* Base */,
			);
			name = LaunchScreen.storyboard;
			sourceTree = "<group>";
		};
/* End PBXVariantGroup section */

/* Begin XCBuildConfiguration section */
		8FEB0D5524B9253D000C01C4 /* Debug */ = {
			isa = XCBuildConfiguration;
			buildSettings = {
				ALWAYS_SEARCH_USER_PATHS = NO;
				CLANG_ANALYZER_NONNULL = YES;
				CLANG_ANALYZER_NUMBER_OBJECT_CONVERSION = YES_AGGRESSIVE;
				CLANG_CXX_LANGUAGE_STANDARD = "gnu++14";
				CLANG_CXX_LIBRARY = "libc++";
				CLANG_ENABLE_MODULES = YES;
				CLANG_ENABLE_OBJC_ARC = YES;
				CLANG_ENABLE_OBJC_WEAK = YES;
				CLANG_WARN_BLOCK_CAPTURE_AUTORELEASING = YES;
				CLANG_WARN_BOOL_CONVERSION = YES;
				CLANG_WARN_COMMA = YES;
				CLANG_WARN_CONSTANT_CONVERSION = YES;
				CLANG_WARN_DEPRECATED_OBJC_IMPLEMENTATIONS = YES;
				CLANG_WARN_DIRECT_OBJC_ISA_USAGE = YES_ERROR;
				CLANG_WARN_DOCUMENTATION_COMMENTS = YES;
				CLANG_WARN_EMPTY_BODY = YES;
				CLANG_WARN_ENUM_CONVERSION = YES;
				CLANG_WARN_INFINITE_RECURSION = YES;
				CLANG_WARN_INT_CONVERSION = YES;
				CLANG_WARN_NON_LITERAL_NULL_CONVERSION = YES;
				CLANG_WARN_OBJC_IMPLICIT_RETAIN_SELF = YES;
				CLANG_WARN_OBJC_LITERAL_CONVERSION = YES;
				CLANG_WARN_OBJC_ROOT_CLASS = YES_ERROR;
				CLANG_WARN_RANGE_LOOP_ANALYSIS = YES;
				CLANG_WARN_STRICT_PROTOTYPES = YES;
				CLANG_WARN_SUSPICIOUS_MOVE = YES;
				CLANG_WARN_UNGUARDED_AVAILABILITY = YES_AGGRESSIVE;
				CLANG_WARN_UNREACHABLE_CODE = YES;
				CLANG_WARN__DUPLICATE_METHOD_MATCH = YES;
				COPY_PHASE_STRIP = NO;
				DEBUG_INFORMATION_FORMAT = dwarf;
				ENABLE_STRICT_OBJC_MSGSEND = YES;
				ENABLE_TESTABILITY = YES;
				GCC_C_LANGUAGE_STANDARD = gnu11;
				GCC_DYNAMIC_NO_PIC = NO;
				GCC_NO_COMMON_BLOCKS = YES;
				GCC_OPTIMIZATION_LEVEL = 0;
				GCC_PREPROCESSOR_DEFINITIONS = (
					"DEBUG=1",
					"$(inherited)",
				);
				GCC_WARN_64_TO_32_BIT_CONVERSION = YES;
				GCC_WARN_ABOUT_RETURN_TYPE = YES_ERROR;
				GCC_WARN_UNDECLARED_SELECTOR = YES;
				GCC_WARN_UNINITIALIZED_AUTOS = YES_AGGRESSIVE;
				GCC_WARN_UNUSED_FUNCTION = YES;
				GCC_WARN_UNUSED_VARIABLE = YES;
				IPHONEOS_DEPLOYMENT_TARGET = 13.4;
				MTL_ENABLE_DEBUG_INFO = INCLUDE_SOURCE;
				MTL_FAST_MATH = YES;
				ONLY_ACTIVE_ARCH = YES;
				SDKROOT = iphoneos;
				SWIFT_ACTIVE_COMPILATION_CONDITIONS = DEBUG;
				SWIFT_OPTIMIZATION_LEVEL = "-Onone";
			};
			name = Debug;
		};
		8FEB0D5624B9253D000C01C4 /* Release */ = {
			isa = XCBuildConfiguration;
			buildSettings = {
				ALWAYS_SEARCH_USER_PATHS = NO;
				CLANG_ANALYZER_NONNULL = YES;
				CLANG_ANALYZER_NUMBER_OBJECT_CONVERSION = YES_AGGRESSIVE;
				CLANG_CXX_LANGUAGE_STANDARD = "gnu++14";
				CLANG_CXX_LIBRARY = "libc++";
				CLANG_ENABLE_MODULES = YES;
				CLANG_ENABLE_OBJC_ARC = YES;
				CLANG_ENABLE_OBJC_WEAK = YES;
				CLANG_WARN_BLOCK_CAPTURE_AUTORELEASING = YES;
				CLANG_WARN_BOOL_CONVERSION = YES;
				CLANG_WARN_COMMA = YES;
				CLANG_WARN_CONSTANT_CONVERSION = YES;
				CLANG_WARN_DEPRECATED_OBJC_IMPLEMENTATIONS = YES;
				CLANG_WARN_DIRECT_OBJC_ISA_USAGE = YES_ERROR;
				CLANG_WARN_DOCUMENTATION_COMMENTS = YES;
				CLANG_WARN_EMPTY_BODY = YES;
				CLANG_WARN_ENUM_CONVERSION = YES;
				CLANG_WARN_INFINITE_RECURSION = YES;
				CLANG_WARN_INT_CONVERSION = YES;
				CLANG_WARN_NON_LITERAL_NULL_CONVERSION = YES;
				CLANG_WARN_OBJC_IMPLICIT_RETAIN_SELF = YES;
				CLANG_WARN_OBJC_LITERAL_CONVERSION = YES;
				CLANG_WARN_OBJC_ROOT_CLASS = YES_ERROR;
				CLANG_WARN_RANGE_LOOP_ANALYSIS = YES;
				CLANG_WARN_STRICT_PROTOTYPES = YES;
				CLANG_WARN_SUSPICIOUS_MOVE = YES;
				CLANG_WARN_UNGUARDED_AVAILABILITY = YES_AGGRESSIVE;
				CLANG_WARN_UNREACHABLE_CODE = YES;
				CLANG_WARN__DUPLICATE_METHOD_MATCH = YES;
				COPY_PHASE_STRIP = NO;
				DEBUG_INFORMATION_FORMAT = "dwarf-with-dsym";
				ENABLE_NS_ASSERTIONS = NO;
				ENABLE_STRICT_OBJC_MSGSEND = YES;
				GCC_C_LANGUAGE_STANDARD = gnu11;
				GCC_NO_COMMON_BLOCKS = YES;
				GCC_WARN_64_TO_32_BIT_CONVERSION = YES;
				GCC_WARN_ABOUT_RETURN_TYPE = YES_ERROR;
				GCC_WARN_UNDECLARED_SELECTOR = YES;
				GCC_WARN_UNINITIALIZED_AUTOS = YES_AGGRESSIVE;
				GCC_WARN_UNUSED_FUNCTION = YES;
				GCC_WARN_UNUSED_VARIABLE = YES;
				IPHONEOS_DEPLOYMENT_TARGET = 13.4;
				MTL_ENABLE_DEBUG_INFO = NO;
				MTL_FAST_MATH = YES;
				SDKROOT = iphoneos;
				SWIFT_COMPILATION_MODE = wholemodule;
				SWIFT_OPTIMIZATION_LEVEL = "-O";
				VALIDATE_PRODUCT = YES;
			};
			name = Release;
		};
		8FEB0D5824B9253D000C01C4 /* Debug */ = {
			isa = XCBuildConfiguration;
			buildSettings = {
				ASSETCATALOG_COMPILER_APPICON_NAME = AppIcon;
				CODE_SIGN_STYLE = Automatic;
				DEVELOPMENT_TEAM = AAPS2WKL6R;
				INFOPLIST_FILE = UpSignUp/Info.plist;
				LD_RUNPATH_SEARCH_PATHS = (
					"$(inherited)",
					"@executable_path/Frameworks",
				);
				PRODUCT_BUNDLE_IDENTIFIER = com.JerExplosion.UpSignUp;
				PRODUCT_NAME = "$(TARGET_NAME)";
				SWIFT_VERSION = 5.0;
				TARGETED_DEVICE_FAMILY = "1,2";
			};
			name = Debug;
		};
		8FEB0D5924B9253D000C01C4 /* Release */ = {
			isa = XCBuildConfiguration;
			buildSettings = {
				ASSETCATALOG_COMPILER_APPICON_NAME = AppIcon;
				CODE_SIGN_STYLE = Automatic;
				DEVELOPMENT_TEAM = AAPS2WKL6R;
				INFOPLIST_FILE = UpSignUp/Info.plist;
				LD_RUNPATH_SEARCH_PATHS = (
					"$(inherited)",
					"@executable_path/Frameworks",
				);
				PRODUCT_BUNDLE_IDENTIFIER = com.JerExplosion.UpSignUp;
				PRODUCT_NAME = "$(TARGET_NAME)";
				SWIFT_VERSION = 5.0;
				TARGETED_DEVICE_FAMILY = "1,2";
			};
			name = Release;
		};
/* End XCBuildConfiguration section */

/* Begin XCConfigurationList section */
		8FEB0D3E24B92537000C01C4 /* Build configuration list for PBXProject "UpSignUp" */ = {
			isa = XCConfigurationList;
			buildConfigurations = (
				8FEB0D5524B9253D000C01C4 /* Debug */,
				8FEB0D5624B9253D000C01C4 /* Release */,
			);
			defaultConfigurationIsVisible = 0;
			defaultConfigurationName = Release;
		};
		8FEB0D5724B9253D000C01C4 /* Build configuration list for PBXNativeTarget "UpSignUp" */ = {
			isa = XCConfigurationList;
			buildConfigurations = (
				8FEB0D5824B9253D000C01C4 /* Debug */,
				8FEB0D5924B9253D000C01C4 /* Release */,
			);
			defaultConfigurationIsVisible = 0;
			defaultConfigurationName = Release;
		};
/* End XCConfigurationList section */
	};
	rootObject = 8FEB0D3B24B92537000C01C4 /* Project object */;
}
