// !$*UTF8*$!
{
	archiveVersion = 1;
	classes = {
	};
	objectVersion = 51;
	objects = {

/* Begin PBXBuildFile section */
		8F1BE2FD251ABF39007F0A9C /* GloballyApplied.swift in Sources */ = {isa = PBXBuildFile; fileRef = 8F1BE2FC251ABF39007F0A9C /* GloballyApplied.swift */; };
		8F21E01524E2FBA500BF0B08 /* VelocityAnimaViewController.swift in Sources */ = {isa = PBXBuildFile; fileRef = 8F21E01424E2FBA500BF0B08 /* VelocityAnimaViewController.swift */; };
		8F2F649024E46C8D0024C6A9 /* FireBreezeTest.swift in Sources */ = {isa = PBXBuildFile; fileRef = 8F2F648F24E46C8D0024C6A9 /* FireBreezeTest.swift */; };
		8F2F64B824E4E53F0024C6A9 /* HorizontalCollectionCell.swift in Sources */ = {isa = PBXBuildFile; fileRef = 8F2F64B724E4E53F0024C6A9 /* HorizontalCollectionCell.swift */; };
		8F2F64BA24E4E6850024C6A9 /* HorizontalCollectExtend.swift in Sources */ = {isa = PBXBuildFile; fileRef = 8F2F64B924E4E6840024C6A9 /* HorizontalCollectExtend.swift */; };
		8F42E65E24D0D37D0078F26A /* DataCoreViewModel.swift in Sources */ = {isa = PBXBuildFile; fileRef = 8F42E65D24D0D37D0078F26A /* DataCoreViewModel.swift */; };
		8F4DE6F324DF444D00C31D80 /* ImagerySharingViewController.swift in Sources */ = {isa = PBXBuildFile; fileRef = 8F4DE6F224DF444D00C31D80 /* ImagerySharingViewController.swift */; };
		8F4DE6F524DF495200C31D80 /* ImagerySharingPickaExtension.swift in Sources */ = {isa = PBXBuildFile; fileRef = 8F4DE6F424DF495200C31D80 /* ImagerySharingPickaExtension.swift */; };
		8F57B1B824D9ADBB0093BAA6 /* KiKaMoEdeNoo.swift in Sources */ = {isa = PBXBuildFile; fileRef = 8F57B1B724D9ADBA0093BAA6 /* KiKaMoEdeNoo.swift */; };
		8F57B1C424DA478B0093BAA6 /* TxtFEffec.swift in Sources */ = {isa = PBXBuildFile; fileRef = 8F57B1C324DA478B0093BAA6 /* TxtFEffec.swift */; };
		8F64093224DDE02300ACEEE1 /* XJProfileImageryPicka.swift in Sources */ = {isa = PBXBuildFile; fileRef = 8F64093124DDE02300ACEEE1 /* XJProfileImageryPicka.swift */; };
		8F67420A24E132A30067E019 /* GoodOldCrossDissolve.swift in Sources */ = {isa = PBXBuildFile; fileRef = 8F67420924E132A30067E019 /* GoodOldCrossDissolve.swift */; };
		8F67420C24E136AC0067E019 /* SurprisedPikachu.gif in Resources */ = {isa = PBXBuildFile; fileRef = 8F67420B24E136AC0067E019 /* SurprisedPikachu.gif */; };
		8F67420E24E136E20067E019 /* HandlingGIF.swift in Sources */ = {isa = PBXBuildFile; fileRef = 8F67420D24E136E20067E019 /* HandlingGIF.swift */; };
		8F6F884224E199E400410923 /* FormulaAlert.swift in Sources */ = {isa = PBXBuildFile; fileRef = 8F6F884124E199E400410923 /* FormulaAlert.swift */; };
		8F6F884424E1A8D600410923 /* FirebaseManager.swift in Sources */ = {isa = PBXBuildFile; fileRef = 8F6F884324E1A8D600410923 /* FirebaseManager.swift */; };
		8F6F884624E1C03300410923 /* TxtViewPHolder.swift in Sources */ = {isa = PBXBuildFile; fileRef = 8F6F884524E1C03300410923 /* TxtViewPHolder.swift */; };
		8F7215B324E0640F00AB87F3 /* AddiFeectivedCello.swift in Sources */ = {isa = PBXBuildFile; fileRef = 8F7215B224E0640F00AB87F3 /* AddiFeectivedCello.swift */; };
		8F7215B524E08B7400AB87F3 /* ImageryPull.swift in Sources */ = {isa = PBXBuildFile; fileRef = 8F7215B424E08B7400AB87F3 /* ImageryPull.swift */; };
		8F7F21F924D21567003113CF /* XJViewController.swift in Sources */ = {isa = PBXBuildFile; fileRef = 8F7F21F824D21567003113CF /* XJViewController.swift */; };
		8F9D14AC24DE2CB90019E548 /* FreshedKaoViewController.swift in Sources */ = {isa = PBXBuildFile; fileRef = 8F9D14AB24DE2CB90019E548 /* FreshedKaoViewController.swift */; };
		8FA2CD8024E1F8C200A3DF1C /* ImageryCacheTechnique.swift in Sources */ = {isa = PBXBuildFile; fileRef = 8FA2CD7F24E1F8C200A3DF1C /* ImageryCacheTechnique.swift */; };
		8FAD650E24D28B94008A4A28 /* InFoCello.swift in Sources */ = {isa = PBXBuildFile; fileRef = 8FAD650D24D28B94008A4A28 /* InFoCello.swift */; };
		8FBD64EC24CF661500075A4F /* AppDelegate.swift in Sources */ = {isa = PBXBuildFile; fileRef = 8FBD64EB24CF661500075A4F /* AppDelegate.swift */; };
		8FBD64EE24CF661600075A4F /* SceneDelegate.swift in Sources */ = {isa = PBXBuildFile; fileRef = 8FBD64ED24CF661600075A4F /* SceneDelegate.swift */; };
		8FBD64F024CF661600075A4F /* ViewController.swift in Sources */ = {isa = PBXBuildFile; fileRef = 8FBD64EF24CF661600075A4F /* ViewController.swift */; };
		8FBD64F324CF661600075A4F /* Main.storyboard in Resources */ = {isa = PBXBuildFile; fileRef = 8FBD64F124CF661600075A4F /* Main.storyboard */; };
		8FBD64F524CF661900075A4F /* Assets.xcassets in Resources */ = {isa = PBXBuildFile; fileRef = 8FBD64F424CF661900075A4F /* Assets.xcassets */; };
		8FBD64F824CF661900075A4F /* LaunchScreen.storyboard in Resources */ = {isa = PBXBuildFile; fileRef = 8FBD64F624CF661900075A4F /* LaunchScreen.storyboard */; };
		8FBD650424CF6C7800075A4F /* GoogleService-Info.plist in Resources */ = {isa = PBXBuildFile; fileRef = 8FBD650324CF6C7800075A4F /* GoogleService-Info.plist */; };
		8FBD650624CF75FF00075A4F /* AppearanceDependencies.swift    .swift in Sources */ = {isa = PBXBuildFile; fileRef = 8FBD650524CF75FE00075A4F /* AppearanceDependencies.swift    .swift */; };
		8FC0C09024D63D510039F5A6 /* TomodaNakaViewController.swift in Sources */ = {isa = PBXBuildFile; fileRef = 8FC0C08F24D63D510039F5A6 /* TomodaNakaViewController.swift */; };
		8FD47FBB24D0796200235FFE /* SignaUppViewController.swift in Sources */ = {isa = PBXBuildFile; fileRef = 8FD47FBA24D0796200235FFE /* SignaUppViewController.swift */; };
		8FD47FBD24D095AA00235FFE /* SigmaInnViewController.swift in Sources */ = {isa = PBXBuildFile; fileRef = 8FD47FBC24D095AA00235FFE /* SigmaInnViewController.swift */; };
		8FD47FC024D0B57300235FFE /* InFoViewController.swift in Sources */ = {isa = PBXBuildFile; fileRef = 8FD47FBF24D0B57300235FFE /* InFoViewController.swift */; };
		8FD47FC224D0B7DD00235FFE /* PersistenceRelevant.swift in Sources */ = {isa = PBXBuildFile; fileRef = 8FD47FC124D0B7DD00235FFE /* PersistenceRelevant.swift */; };
		8FD47FC524D0BEB100235FFE /* VirtualContacts.xcdatamodeld in Sources */ = {isa = PBXBuildFile; fileRef = 8FD47FC324D0BEB100235FFE /* VirtualContacts.xcdatamodeld */; };
		8FD5CA7D24D7CB39002E8176 /* NSUser.swift in Sources */ = {isa = PBXBuildFile; fileRef = 8FD5CA7C24D7CB39002E8176 /* NSUser.swift */; };
		8FD5CA8024D7CF61002E8176 /* CurrentFriendzTable.swift in Sources */ = {isa = PBXBuildFile; fileRef = 8FD5CA7F24D7CF61002E8176 /* CurrentFriendzTable.swift */; };
		8FDEDEE624DF9C22005CEEBD /* AddiFeectivedViewController.swift in Sources */ = {isa = PBXBuildFile; fileRef = 8FDEDEE524DF9C22005CEEBD /* AddiFeectivedViewController.swift */; };
		8FDEDEE824DFA531005CEEBD /* NSPost.swift in Sources */ = {isa = PBXBuildFile; fileRef = 8FDEDEE724DFA531005CEEBD /* NSPost.swift */; };
		8FF86F5B25144ADB00AF8133 /* IsValidEmailOrNaw.swift in Sources */ = {isa = PBXBuildFile; fileRef = 8FF86F5A25144ADB00AF8133 /* IsValidEmailOrNaw.swift */; };
		A6AA9E5D5CEEE7D3BC5C1AD0 /* Pods_FireStyleFireBaseJutsu.framework in Frameworks */ = {isa = PBXBuildFile; fileRef = 971B37DD6576146E18A8DC09 /* Pods_FireStyleFireBaseJutsu.framework */; };
/* End PBXBuildFile section */

/* Begin PBXContainerItemProxy section */
		8F2F649224E46C8D0024C6A9 /* PBXContainerItemProxy */ = {
			isa = PBXContainerItemProxy;
			containerPortal = 8FBD64E024CF661500075A4F /* Project object */;
			proxyType = 1;
			remoteGlobalIDString = 8FBD64E724CF661500075A4F;
			remoteInfo = FireStyleFireBaseJutsu;
		};
/* End PBXContainerItemProxy section */

/* Begin PBXFileReference section */
		08CEB9B26963B7F822FA6FC9 /* Pods-FireStyleFireBaseJutsu.debug.xcconfig */ = {isa = PBXFileReference; includeInIndex = 1; lastKnownFileType = text.xcconfig; name = "Pods-FireStyleFireBaseJutsu.debug.xcconfig"; path = "Target Support Files/Pods-FireStyleFireBaseJutsu/Pods-FireStyleFireBaseJutsu.debug.xcconfig"; sourceTree = "<group>"; };
		8F1BE2FC251ABF39007F0A9C /* GloballyApplied.swift */ = {isa = PBXFileReference; lastKnownFileType = sourcecode.swift; path = GloballyApplied.swift; sourceTree = "<group>"; };
		8F21E01424E2FBA500BF0B08 /* VelocityAnimaViewController.swift */ = {isa = PBXFileReference; lastKnownFileType = sourcecode.swift; path = VelocityAnimaViewController.swift; sourceTree = "<group>"; };
		8F2F648D24E46C8D0024C6A9 /* FireBreezeTest.xctest */ = {isa = PBXFileReference; explicitFileType = wrapper.cfbundle; includeInIndex = 0; path = FireBreezeTest.xctest; sourceTree = BUILT_PRODUCTS_DIR; };
		8F2F648F24E46C8D0024C6A9 /* FireBreezeTest.swift */ = {isa = PBXFileReference; lastKnownFileType = sourcecode.swift; path = FireBreezeTest.swift; sourceTree = "<group>"; };
		8F2F649124E46C8D0024C6A9 /* Info.plist */ = {isa = PBXFileReference; lastKnownFileType = text.plist.xml; path = Info.plist; sourceTree = "<group>"; };
		8F2F64B724E4E53F0024C6A9 /* HorizontalCollectionCell.swift */ = {isa = PBXFileReference; lastKnownFileType = sourcecode.swift; path = HorizontalCollectionCell.swift; sourceTree = "<group>"; };
		8F2F64B924E4E6840024C6A9 /* HorizontalCollectExtend.swift */ = {isa = PBXFileReference; lastKnownFileType = sourcecode.swift; path = HorizontalCollectExtend.swift; sourceTree = "<group>"; };
		8F42E65D24D0D37D0078F26A /* DataCoreViewModel.swift */ = {isa = PBXFileReference; lastKnownFileType = sourcecode.swift; path = DataCoreViewModel.swift; sourceTree = "<group>"; };
		8F4DE6F224DF444D00C31D80 /* ImagerySharingViewController.swift */ = {isa = PBXFileReference; lastKnownFileType = sourcecode.swift; path = ImagerySharingViewController.swift; sourceTree = "<group>"; };
		8F4DE6F424DF495200C31D80 /* ImagerySharingPickaExtension.swift */ = {isa = PBXFileReference; lastKnownFileType = sourcecode.swift; path = ImagerySharingPickaExtension.swift; sourceTree = "<group>"; };
		8F57B1B724D9ADBA0093BAA6 /* KiKaMoEdeNoo.swift */ = {isa = PBXFileReference; lastKnownFileType = sourcecode.swift; path = KiKaMoEdeNoo.swift; sourceTree = "<group>"; };
		8F57B1C324DA478B0093BAA6 /* TxtFEffec.swift */ = {isa = PBXFileReference; lastKnownFileType = sourcecode.swift; path = TxtFEffec.swift; sourceTree = "<group>"; };
		8F64093124DDE02300ACEEE1 /* XJProfileImageryPicka.swift */ = {isa = PBXFileReference; lastKnownFileType = sourcecode.swift; path = XJProfileImageryPicka.swift; sourceTree = "<group>"; };
		8F67420924E132A30067E019 /* GoodOldCrossDissolve.swift */ = {isa = PBXFileReference; lastKnownFileType = sourcecode.swift; path = GoodOldCrossDissolve.swift; sourceTree = "<group>"; };
		8F67420B24E136AC0067E019 /* SurprisedPikachu.gif */ = {isa = PBXFileReference; lastKnownFileType = image.gif; path = SurprisedPikachu.gif; sourceTree = "<group>"; };
		8F67420D24E136E20067E019 /* HandlingGIF.swift */ = {isa = PBXFileReference; lastKnownFileType = sourcecode.swift; path = HandlingGIF.swift; sourceTree = "<group>"; };
		8F6F884124E199E400410923 /* FormulaAlert.swift */ = {isa = PBXFileReference; lastKnownFileType = sourcecode.swift; path = FormulaAlert.swift; sourceTree = "<group>"; };
		8F6F884324E1A8D600410923 /* FirebaseManager.swift */ = {isa = PBXFileReference; lastKnownFileType = sourcecode.swift; path = FirebaseManager.swift; sourceTree = "<group>"; };
		8F6F884524E1C03300410923 /* TxtViewPHolder.swift */ = {isa = PBXFileReference; lastKnownFileType = sourcecode.swift; path = TxtViewPHolder.swift; sourceTree = "<group>"; };
		8F7215B224E0640F00AB87F3 /* AddiFeectivedCello.swift */ = {isa = PBXFileReference; lastKnownFileType = sourcecode.swift; path = AddiFeectivedCello.swift; sourceTree = "<group>"; };
		8F7215B424E08B7400AB87F3 /* ImageryPull.swift */ = {isa = PBXFileReference; lastKnownFileType = sourcecode.swift; path = ImageryPull.swift; sourceTree = "<group>"; };
		8F7F21F824D21567003113CF /* XJViewController.swift */ = {isa = PBXFileReference; lastKnownFileType = sourcecode.swift; path = XJViewController.swift; sourceTree = "<group>"; };
		8F9D14AB24DE2CB90019E548 /* FreshedKaoViewController.swift */ = {isa = PBXFileReference; lastKnownFileType = sourcecode.swift; path = FreshedKaoViewController.swift; sourceTree = "<group>"; };
		8FA2CD7F24E1F8C200A3DF1C /* ImageryCacheTechnique.swift */ = {isa = PBXFileReference; lastKnownFileType = sourcecode.swift; path = ImageryCacheTechnique.swift; sourceTree = "<group>"; };
		8FAD650D24D28B94008A4A28 /* InFoCello.swift */ = {isa = PBXFileReference; lastKnownFileType = sourcecode.swift; path = InFoCello.swift; sourceTree = "<group>"; };
		8FBD64E824CF661500075A4F /* FireStyleFireBaseJutsu.app */ = {isa = PBXFileReference; explicitFileType = wrapper.application; includeInIndex = 0; path = FireStyleFireBaseJutsu.app; sourceTree = BUILT_PRODUCTS_DIR; };
		8FBD64EB24CF661500075A4F /* AppDelegate.swift */ = {isa = PBXFileReference; lastKnownFileType = sourcecode.swift; path = AppDelegate.swift; sourceTree = "<group>"; };
		8FBD64ED24CF661600075A4F /* SceneDelegate.swift */ = {isa = PBXFileReference; lastKnownFileType = sourcecode.swift; path = SceneDelegate.swift; sourceTree = "<group>"; };
		8FBD64EF24CF661600075A4F /* ViewController.swift */ = {isa = PBXFileReference; lastKnownFileType = sourcecode.swift; path = ViewController.swift; sourceTree = "<group>"; };
		8FBD64F224CF661600075A4F /* Base */ = {isa = PBXFileReference; lastKnownFileType = file.storyboard; name = Base; path = Base.lproj/Main.storyboard; sourceTree = "<group>"; };
		8FBD64F424CF661900075A4F /* Assets.xcassets */ = {isa = PBXFileReference; lastKnownFileType = folder.assetcatalog; path = Assets.xcassets; sourceTree = "<group>"; };
		8FBD64F724CF661900075A4F /* Base */ = {isa = PBXFileReference; lastKnownFileType = file.storyboard; name = Base; path = Base.lproj/LaunchScreen.storyboard; sourceTree = "<group>"; };
		8FBD64F924CF661900075A4F /* Info.plist */ = {isa = PBXFileReference; lastKnownFileType = text.plist.xml; path = Info.plist; sourceTree = "<group>"; };
		8FBD650324CF6C7800075A4F /* GoogleService-Info.plist */ = {isa = PBXFileReference; fileEncoding = 4; lastKnownFileType = text.plist.xml; path = "GoogleService-Info.plist"; sourceTree = "<group>"; };
		8FBD650524CF75FE00075A4F /* AppearanceDependencies.swift    .swift */ = {isa = PBXFileReference; lastKnownFileType = sourcecode.swift; path = "AppearanceDependencies.swift    .swift"; sourceTree = "<group>"; };
		8FC0C08F24D63D510039F5A6 /* TomodaNakaViewController.swift */ = {isa = PBXFileReference; lastKnownFileType = sourcecode.swift; path = TomodaNakaViewController.swift; sourceTree = "<group>"; };
		8FD47FBA24D0796200235FFE /* SignaUppViewController.swift */ = {isa = PBXFileReference; lastKnownFileType = sourcecode.swift; path = SignaUppViewController.swift; sourceTree = "<group>"; };
		8FD47FBC24D095AA00235FFE /* SigmaInnViewController.swift */ = {isa = PBXFileReference; lastKnownFileType = sourcecode.swift; path = SigmaInnViewController.swift; sourceTree = "<group>"; };
		8FD47FBF24D0B57300235FFE /* InFoViewController.swift */ = {isa = PBXFileReference; lastKnownFileType = sourcecode.swift; path = InFoViewController.swift; sourceTree = "<group>"; };
		8FD47FC124D0B7DD00235FFE /* PersistenceRelevant.swift */ = {isa = PBXFileReference; lastKnownFileType = sourcecode.swift; path = PersistenceRelevant.swift; sourceTree = "<group>"; };
		8FD47FC424D0BEB100235FFE /* VirtualContacts.xcdatamodel */ = {isa = PBXFileReference; lastKnownFileType = wrapper.xcdatamodel; path = VirtualContacts.xcdatamodel; sourceTree = "<group>"; };
		8FD5CA7C24D7CB39002E8176 /* NSUser.swift */ = {isa = PBXFileReference; lastKnownFileType = sourcecode.swift; path = NSUser.swift; sourceTree = "<group>"; };
		8FD5CA7F24D7CF61002E8176 /* CurrentFriendzTable.swift */ = {isa = PBXFileReference; lastKnownFileType = sourcecode.swift; path = CurrentFriendzTable.swift; sourceTree = "<group>"; };
		8FDEDEE524DF9C22005CEEBD /* AddiFeectivedViewController.swift */ = {isa = PBXFileReference; lastKnownFileType = sourcecode.swift; path = AddiFeectivedViewController.swift; sourceTree = "<group>"; };
		8FDEDEE724DFA531005CEEBD /* NSPost.swift */ = {isa = PBXFileReference; lastKnownFileType = sourcecode.swift; path = NSPost.swift; sourceTree = "<group>"; };
		8FF86F5A25144ADB00AF8133 /* IsValidEmailOrNaw.swift */ = {isa = PBXFileReference; lastKnownFileType = sourcecode.swift; path = IsValidEmailOrNaw.swift; sourceTree = "<group>"; };
		971B37DD6576146E18A8DC09 /* Pods_FireStyleFireBaseJutsu.framework */ = {isa = PBXFileReference; explicitFileType = wrapper.framework; includeInIndex = 0; path = Pods_FireStyleFireBaseJutsu.framework; sourceTree = BUILT_PRODUCTS_DIR; };
		FF1735016E541580C50A3EA6 /* Pods-FireStyleFireBaseJutsu.release.xcconfig */ = {isa = PBXFileReference; includeInIndex = 1; lastKnownFileType = text.xcconfig; name = "Pods-FireStyleFireBaseJutsu.release.xcconfig"; path = "Target Support Files/Pods-FireStyleFireBaseJutsu/Pods-FireStyleFireBaseJutsu.release.xcconfig"; sourceTree = "<group>"; };
/* End PBXFileReference section */

/* Begin PBXFrameworksBuildPhase section */
		8F2F648A24E46C8D0024C6A9 /* Frameworks */ = {
			isa = PBXFrameworksBuildPhase;
			buildActionMask = 2147483647;
			files = (
			);
			runOnlyForDeploymentPostprocessing = 0;
		};
		8FBD64E524CF661500075A4F /* Frameworks */ = {
			isa = PBXFrameworksBuildPhase;
			buildActionMask = 2147483647;
			files = (
				A6AA9E5D5CEEE7D3BC5C1AD0 /* Pods_FireStyleFireBaseJutsu.framework in Frameworks */,
			);
			runOnlyForDeploymentPostprocessing = 0;
		};
/* End PBXFrameworksBuildPhase section */

/* Begin PBXGroup section */
		8F2F648E24E46C8D0024C6A9 /* FireBreezeTest */ = {
			isa = PBXGroup;
			children = (
				8F2F648F24E46C8D0024C6A9 /* FireBreezeTest.swift */,
				8F2F649124E46C8D0024C6A9 /* Info.plist */,
			);
			path = FireBreezeTest;
			sourceTree = "<group>";
		};
		8F42E65F24D1247F0078F26A /* DataCoreViewModel */ = {
			isa = PBXGroup;
			children = (
				8F42E65D24D0D37D0078F26A /* DataCoreViewModel.swift */,
				8FD47FC124D0B7DD00235FFE /* PersistenceRelevant.swift */,
				8FD47FBF24D0B57300235FFE /* InFoViewController.swift */,
			);
			path = DataCoreViewModel;
			sourceTree = "<group>";
		};
		8F42E66024D124AC0078F26A /* View */ = {
			isa = PBXGroup;
			children = (
				8FBD650524CF75FE00075A4F /* AppearanceDependencies.swift    .swift */,
				8F2F64B924E4E6840024C6A9 /* HorizontalCollectExtend.swift */,
				8F2F64B724E4E53F0024C6A9 /* HorizontalCollectionCell.swift */,
				8F7215B224E0640F00AB87F3 /* AddiFeectivedCello.swift */,
				8FAD650D24D28B94008A4A28 /* InFoCello.swift */,
				8F67420924E132A30067E019 /* GoodOldCrossDissolve.swift */,
				8F6F884124E199E400410923 /* FormulaAlert.swift */,
				8F67420D24E136E20067E019 /* HandlingGIF.swift */,
				8F57B1B724D9ADBA0093BAA6 /* KiKaMoEdeNoo.swift */,
				8F6F884524E1C03300410923 /* TxtViewPHolder.swift */,
				8F57B1C324DA478B0093BAA6 /* TxtFEffec.swift */,
				8F67420B24E136AC0067E019 /* SurprisedPikachu.gif */,
			);
			path = View;
			sourceTree = "<group>";
		};
		8FA2CD8124E1FF4900A3DF1C /* Networking */ = {
			isa = PBXGroup;
			children = (
				8F7215B424E08B7400AB87F3 /* ImageryPull.swift */,
				8FA2CD7F24E1F8C200A3DF1C /* ImageryCacheTechnique.swift */,
			);
			path = Networking;
			sourceTree = "<group>";
		};
		8FBD64DF24CF661500075A4F = {
			isa = PBXGroup;
			children = (
				8FBD64EA24CF661500075A4F /* FireStyleFireBaseJutsu */,
				8F2F648E24E46C8D0024C6A9 /* FireBreezeTest */,
				8FBD64E924CF661500075A4F /* Products */,
				ACD0239B9490BA49FAC214D1 /* Pods */,
				BD3FD39AC65ED7E3557B8EC5 /* Frameworks */,
			);
			sourceTree = "<group>";
		};
		8FBD64E924CF661500075A4F /* Products */ = {
			isa = PBXGroup;
			children = (
				8FBD64E824CF661500075A4F /* FireStyleFireBaseJutsu.app */,
				8F2F648D24E46C8D0024C6A9 /* FireBreezeTest.xctest */,
			);
			name = Products;
			sourceTree = "<group>";
		};
		8FBD64EA24CF661500075A4F /* FireStyleFireBaseJutsu */ = {
			isa = PBXGroup;
			children = (
				8FBD64ED24CF661600075A4F /* SceneDelegate.swift */,
				8FBD64EB24CF661500075A4F /* AppDelegate.swift */,
				8FD47FBE24D0B51800235FFE /* On Fire */,
				8F42E66024D124AC0078F26A /* View */,
				8FBD64F124CF661600075A4F /* Main.storyboard */,
				8FA2CD8124E1FF4900A3DF1C /* Networking */,
				8FD47FC324D0BEB100235FFE /* VirtualContacts.xcdatamodeld */,
				8F42E65F24D1247F0078F26A /* DataCoreViewModel */,
				8FBD64F424CF661900075A4F /* Assets.xcassets */,
				8FBD64F624CF661900075A4F /* LaunchScreen.storyboard */,
				8FBD650324CF6C7800075A4F /* GoogleService-Info.plist */,
				8FBD64F924CF661900075A4F /* Info.plist */,
			);
			path = FireStyleFireBaseJutsu;
			sourceTree = "<group>";
		};
		8FD47FBE24D0B51800235FFE /* On Fire */ = {
			isa = PBXGroup;
			children = (
				8FDEDEE524DF9C22005CEEBD /* AddiFeectivedViewController.swift */,
				8FD47FBA24D0796200235FFE /* SignaUppViewController.swift */,
				8F9D14AB24DE2CB90019E548 /* FreshedKaoViewController.swift */,
				8FD47FBC24D095AA00235FFE /* SigmaInnViewController.swift */,
				8FC0C08F24D63D510039F5A6 /* TomodaNakaViewController.swift */,
				8FD5CA7F24D7CF61002E8176 /* CurrentFriendzTable.swift */,
				8FBD64EF24CF661600075A4F /* ViewController.swift */,
				8F64093124DDE02300ACEEE1 /* XJProfileImageryPicka.swift */,
				8F7F21F824D21567003113CF /* XJViewController.swift */,
				8F4DE6F224DF444D00C31D80 /* ImagerySharingViewController.swift */,
				8F4DE6F424DF495200C31D80 /* ImagerySharingPickaExtension.swift */,
				8F21E01424E2FBA500BF0B08 /* VelocityAnimaViewController.swift */,
				8FD5CA7E24D7CCFC002E8176 /* Fire Model */,
			);
			path = "On Fire";
			sourceTree = "<group>";
		};
		8FD5CA7E24D7CCFC002E8176 /* Fire Model */ = {
			isa = PBXGroup;
			children = (
				8F6F884324E1A8D600410923 /* FirebaseManager.swift */,
				8FD5CA7C24D7CB39002E8176 /* NSUser.swift */,
				8FDEDEE724DFA531005CEEBD /* NSPost.swift */,
				8FF86F5A25144ADB00AF8133 /* IsValidEmailOrNaw.swift */,
				8F1BE2FC251ABF39007F0A9C /* GloballyApplied.swift */,
			);
			path = "Fire Model";
			sourceTree = "<group>";
		};
		ACD0239B9490BA49FAC214D1 /* Pods */ = {
			isa = PBXGroup;
			children = (
				08CEB9B26963B7F822FA6FC9 /* Pods-FireStyleFireBaseJutsu.debug.xcconfig */,
				FF1735016E541580C50A3EA6 /* Pods-FireStyleFireBaseJutsu.release.xcconfig */,
			);
			path = Pods;
			sourceTree = "<group>";
		};
		BD3FD39AC65ED7E3557B8EC5 /* Frameworks */ = {
			isa = PBXGroup;
			children = (
				971B37DD6576146E18A8DC09 /* Pods_FireStyleFireBaseJutsu.framework */,
			);
			name = Frameworks;
			sourceTree = "<group>";
		};
/* End PBXGroup section */

/* Begin PBXNativeTarget section */
		8F2F648C24E46C8D0024C6A9 /* FireBreezeTest */ = {
			isa = PBXNativeTarget;
			buildConfigurationList = 8F2F649624E46C8D0024C6A9 /* Build configuration list for PBXNativeTarget "FireBreezeTest" */;
			buildPhases = (
				8F2F648924E46C8D0024C6A9 /* Sources */,
				8F2F648A24E46C8D0024C6A9 /* Frameworks */,
				8F2F648B24E46C8D0024C6A9 /* Resources */,
			);
			buildRules = (
			);
			dependencies = (
				8F2F649324E46C8D0024C6A9 /* PBXTargetDependency */,
			);
			name = FireBreezeTest;
			productName = FireBreezeTest;
			productReference = 8F2F648D24E46C8D0024C6A9 /* FireBreezeTest.xctest */;
			productType = "com.apple.product-type.bundle.unit-test";
		};
		8FBD64E724CF661500075A4F /* FireStyleFireBaseJutsu */ = {
			isa = PBXNativeTarget;
			buildConfigurationList = 8FBD64FC24CF661900075A4F /* Build configuration list for PBXNativeTarget "FireStyleFireBaseJutsu" */;
			buildPhases = (
				A54035CF38F246718DAD7CE9 /* [CP] Check Pods Manifest.lock */,
				8FBD64E424CF661500075A4F /* Sources */,
				8FBD64E524CF661500075A4F /* Frameworks */,
				8FBD64E624CF661500075A4F /* Resources */,
				8FD47FB924D06F2100235FFE /* ShellScript */,
				487DA96F12324853EFE56A28 /* [CP] Embed Pods Frameworks */,
				0EF332005D438C83ABE3F826 /* [CP] Copy Pods Resources */,
			);
			buildRules = (
			);
			dependencies = (
			);
			name = FireStyleFireBaseJutsu;
			productName = FireStyleFireBaseJutsu;
			productReference = 8FBD64E824CF661500075A4F /* FireStyleFireBaseJutsu.app */;
			productType = "com.apple.product-type.application";
		};
/* End PBXNativeTarget section */

/* Begin PBXProject section */
		8FBD64E024CF661500075A4F /* Project object */ = {
			isa = PBXProject;
			attributes = {
				LastSwiftUpdateCheck = 1140;
				LastUpgradeCheck = 1140;
				ORGANIZATIONNAME = "Jerry Ren";
				TargetAttributes = {
					8F2F648C24E46C8D0024C6A9 = {
						CreatedOnToolsVersion = 11.4.1;
						TestTargetID = 8FBD64E724CF661500075A4F;
					};
					8FBD64E724CF661500075A4F = {
						CreatedOnToolsVersion = 11.4.1;
					};
				};
			};
			buildConfigurationList = 8FBD64E324CF661500075A4F /* Build configuration list for PBXProject "FireStyleFireBaseJutsu" */;
			compatibilityVersion = "Xcode 9.3";
			developmentRegion = en;
			hasScannedForEncodings = 0;
			knownRegions = (
				en,
				Base,
			);
			mainGroup = 8FBD64DF24CF661500075A4F;
			productRefGroup = 8FBD64E924CF661500075A4F /* Products */;
			projectDirPath = "";
			projectRoot = "";
			targets = (
				8FBD64E724CF661500075A4F /* FireStyleFireBaseJutsu */,
				8F2F648C24E46C8D0024C6A9 /* FireBreezeTest */,
			);
		};
/* End PBXProject section */

/* Begin PBXResourcesBuildPhase section */
		8F2F648B24E46C8D0024C6A9 /* Resources */ = {
			isa = PBXResourcesBuildPhase;
			buildActionMask = 2147483647;
			files = (
			);
			runOnlyForDeploymentPostprocessing = 0;
		};
		8FBD64E624CF661500075A4F /* Resources */ = {
			isa = PBXResourcesBuildPhase;
			buildActionMask = 2147483647;
			files = (
				8FBD64F824CF661900075A4F /* LaunchScreen.storyboard in Resources */,
				8FBD650424CF6C7800075A4F /* GoogleService-Info.plist in Resources */,
				8FBD64F524CF661900075A4F /* Assets.xcassets in Resources */,
				8FBD64F324CF661600075A4F /* Main.storyboard in Resources */,
				8F67420C24E136AC0067E019 /* SurprisedPikachu.gif in Resources */,
			);
			runOnlyForDeploymentPostprocessing = 0;
		};
/* End PBXResourcesBuildPhase section */

/* Begin PBXShellScriptBuildPhase section */
		0EF332005D438C83ABE3F826 /* [CP] Copy Pods Resources */ = {
			isa = PBXShellScriptBuildPhase;
			buildActionMask = 2147483647;
			files = (
			);
			inputFileListPaths = (
				"${PODS_ROOT}/Target Support Files/Pods-FireStyleFireBaseJutsu/Pods-FireStyleFireBaseJutsu-resources-${CONFIGURATION}-input-files.xcfilelist",
			);
			name = "[CP] Copy Pods Resources";
			outputFileListPaths = (
				"${PODS_ROOT}/Target Support Files/Pods-FireStyleFireBaseJutsu/Pods-FireStyleFireBaseJutsu-resources-${CONFIGURATION}-output-files.xcfilelist",
			);
			runOnlyForDeploymentPostprocessing = 0;
			shellPath = /bin/sh;
			shellScript = "\"${PODS_ROOT}/Target Support Files/Pods-FireStyleFireBaseJutsu/Pods-FireStyleFireBaseJutsu-resources.sh\"\n";
			showEnvVarsInLog = 0;
		};
		487DA96F12324853EFE56A28 /* [CP] Embed Pods Frameworks */ = {
			isa = PBXShellScriptBuildPhase;
			buildActionMask = 2147483647;
			files = (
			);
			inputFileListPaths = (
				"${PODS_ROOT}/Target Support Files/Pods-FireStyleFireBaseJutsu/Pods-FireStyleFireBaseJutsu-frameworks-${CONFIGURATION}-input-files.xcfilelist",
			);
			name = "[CP] Embed Pods Frameworks";
			outputFileListPaths = (
				"${PODS_ROOT}/Target Support Files/Pods-FireStyleFireBaseJutsu/Pods-FireStyleFireBaseJutsu-frameworks-${CONFIGURATION}-output-files.xcfilelist",
			);
			runOnlyForDeploymentPostprocessing = 0;
			shellPath = /bin/sh;
			shellScript = "\"${PODS_ROOT}/Target Support Files/Pods-FireStyleFireBaseJutsu/Pods-FireStyleFireBaseJutsu-frameworks.sh\"\n";
			showEnvVarsInLog = 0;
		};
		8FD47FB924D06F2100235FFE /* ShellScript */ = {
			isa = PBXShellScriptBuildPhase;
			buildActionMask = 2147483647;
			files = (
			);
			inputFileListPaths = (
			);
			inputPaths = (
			);
			outputFileListPaths = (
			);
			outputPaths = (
			);
			runOnlyForDeploymentPostprocessing = 0;
			shellPath = /bin/sh;
			shellScript = "# Type a script or drag a script file from your workspace to insert its path.\n";
		};
		A54035CF38F246718DAD7CE9 /* [CP] Check Pods Manifest.lock */ = {
			isa = PBXShellScriptBuildPhase;
			buildActionMask = 2147483647;
			files = (
			);
			inputFileListPaths = (
			);
			inputPaths = (
				"${PODS_PODFILE_DIR_PATH}/Podfile.lock",
				"${PODS_ROOT}/Manifest.lock",
			);
			name = "[CP] Check Pods Manifest.lock";
			outputFileListPaths = (
			);
			outputPaths = (
				"$(DERIVED_FILE_DIR)/Pods-FireStyleFireBaseJutsu-checkManifestLockResult.txt",
			);
			runOnlyForDeploymentPostprocessing = 0;
			shellPath = /bin/sh;
			shellScript = "diff \"${PODS_PODFILE_DIR_PATH}/Podfile.lock\" \"${PODS_ROOT}/Manifest.lock\" > /dev/null\nif [ $? != 0 ] ; then\n    # print error to STDERR\n    echo \"error: The sandbox is not in sync with the Podfile.lock. Run 'pod install' or update your CocoaPods installation.\" >&2\n    exit 1\nfi\n# This output is used by Xcode 'outputs' to avoid re-running this script phase.\necho \"SUCCESS\" > \"${SCRIPT_OUTPUT_FILE_0}\"\n";
			showEnvVarsInLog = 0;
		};
/* End PBXShellScriptBuildPhase section */

/* Begin PBXSourcesBuildPhase section */
		8F2F648924E46C8D0024C6A9 /* Sources */ = {
			isa = PBXSourcesBuildPhase;
			buildActionMask = 2147483647;
			files = (
				8F2F649024E46C8D0024C6A9 /* FireBreezeTest.swift in Sources */,
			);
			runOnlyForDeploymentPostprocessing = 0;
		};
		8FBD64E424CF661500075A4F /* Sources */ = {
			isa = PBXSourcesBuildPhase;
			buildActionMask = 2147483647;
			files = (
				8FD47FC024D0B57300235FFE /* InFoViewController.swift in Sources */,
				8FBD650624CF75FF00075A4F /* AppearanceDependencies.swift    .swift in Sources */,
				8FDEDEE824DFA531005CEEBD /* NSPost.swift in Sources */,
				8F6F884624E1C03300410923 /* TxtViewPHolder.swift in Sources */,
				8FD47FC524D0BEB100235FFE /* VirtualContacts.xcdatamodeld in Sources */,
				8FD47FC224D0B7DD00235FFE /* PersistenceRelevant.swift in Sources */,
				8F2F64BA24E4E6850024C6A9 /* HorizontalCollectExtend.swift in Sources */,
				8FD5CA8024D7CF61002E8176 /* CurrentFriendzTable.swift in Sources */,
				8FD47FBB24D0796200235FFE /* SignaUppViewController.swift in Sources */,
				8F2F64B824E4E53F0024C6A9 /* HorizontalCollectionCell.swift in Sources */,
				8F4DE6F324DF444D00C31D80 /* ImagerySharingViewController.swift in Sources */,
				8F7215B524E08B7400AB87F3 /* ImageryPull.swift in Sources */,
				8FC0C09024D63D510039F5A6 /* TomodaNakaViewController.swift in Sources */,
				8FA2CD8024E1F8C200A3DF1C /* ImageryCacheTechnique.swift in Sources */,
				8F67420E24E136E20067E019 /* HandlingGIF.swift in Sources */,
				8F57B1C424DA478B0093BAA6 /* TxtFEffec.swift in Sources */,
				8FAD650E24D28B94008A4A28 /* InFoCello.swift in Sources */,
				8F1BE2FD251ABF39007F0A9C /* GloballyApplied.swift in Sources */,
				8F7215B324E0640F00AB87F3 /* AddiFeectivedCello.swift in Sources */,
				8F21E01524E2FBA500BF0B08 /* VelocityAnimaViewController.swift in Sources */,
				8F7F21F924D21567003113CF /* XJViewController.swift in Sources */,
				8F6F884224E199E400410923 /* FormulaAlert.swift in Sources */,
				8F42E65E24D0D37D0078F26A /* DataCoreViewModel.swift in Sources */,
				8F4DE6F524DF495200C31D80 /* ImagerySharingPickaExtension.swift in Sources */,
				8FD47FBD24D095AA00235FFE /* SigmaInnViewController.swift in Sources */,
				8F6F884424E1A8D600410923 /* FirebaseManager.swift in Sources */,
				8F64093224DDE02300ACEEE1 /* XJProfileImageryPicka.swift in Sources */,
				8FBD64F024CF661600075A4F /* ViewController.swift in Sources */,
				8F9D14AC24DE2CB90019E548 /* FreshedKaoViewController.swift in Sources */,
				8FF86F5B25144ADB00AF8133 /* IsValidEmailOrNaw.swift in Sources */,
				8FD5CA7D24D7CB39002E8176 /* NSUser.swift in Sources */,
				8FBD64EC24CF661500075A4F /* AppDelegate.swift in Sources */,
				8F57B1B824D9ADBB0093BAA6 /* KiKaMoEdeNoo.swift in Sources */,
				8FDEDEE624DF9C22005CEEBD /* AddiFeectivedViewController.swift in Sources */,
				8F67420A24E132A30067E019 /* GoodOldCrossDissolve.swift in Sources */,
				8FBD64EE24CF661600075A4F /* SceneDelegate.swift in Sources */,
			);
			runOnlyForDeploymentPostprocessing = 0;
		};
/* End PBXSourcesBuildPhase section */

/* Begin PBXTargetDependency section */
		8F2F649324E46C8D0024C6A9 /* PBXTargetDependency */ = {
			isa = PBXTargetDependency;
			target = 8FBD64E724CF661500075A4F /* FireStyleFireBaseJutsu */;
			targetProxy = 8F2F649224E46C8D0024C6A9 /* PBXContainerItemProxy */;
		};
/* End PBXTargetDependency section */

/* Begin PBXVariantGroup section */
		8FBD64F124CF661600075A4F /* Main.storyboard */ = {
			isa = PBXVariantGroup;
			children = (
				8FBD64F224CF661600075A4F /* Base */,
			);
			name = Main.storyboard;
			sourceTree = "<group>";
		};
		8FBD64F624CF661900075A4F /* LaunchScreen.storyboard */ = {
			isa = PBXVariantGroup;
			children = (
				8FBD64F724CF661900075A4F /* Base */,
			);
			name = LaunchScreen.storyboard;
			sourceTree = "<group>";
		};
/* End PBXVariantGroup section */

/* Begin XCBuildConfiguration section */
		8F2F649424E46C8D0024C6A9 /* Debug */ = {
			isa = XCBuildConfiguration;
			buildSettings = {
				BUNDLE_LOADER = "$(TEST_HOST)";
				CODE_SIGN_STYLE = Automatic;
				DEVELOPMENT_TEAM = AAPS2WKL6R;
				INFOPLIST_FILE = FireBreezeTest/Info.plist;
				LD_RUNPATH_SEARCH_PATHS = (
					"$(inherited)",
					"@executable_path/Frameworks",
					"@loader_path/Frameworks",
				);
				PRODUCT_BUNDLE_IDENTIFIER = com.JerExplosion.FireBreezeTest;
				PRODUCT_NAME = "$(TARGET_NAME)";
				SWIFT_VERSION = 5.0;
				TARGETED_DEVICE_FAMILY = "1,2";
				TEST_HOST = "$(BUILT_PRODUCTS_DIR)/FireStyleFireBaseJutsu.app/FireStyleFireBaseJutsu";
			};
			name = Debug;
		};
		8F2F649524E46C8D0024C6A9 /* Release */ = {
			isa = XCBuildConfiguration;
			buildSettings = {
				BUNDLE_LOADER = "$(TEST_HOST)";
				CODE_SIGN_STYLE = Automatic;
				DEVELOPMENT_TEAM = AAPS2WKL6R;
				INFOPLIST_FILE = FireBreezeTest/Info.plist;
				LD_RUNPATH_SEARCH_PATHS = (
					"$(inherited)",
					"@executable_path/Frameworks",
					"@loader_path/Frameworks",
				);
				PRODUCT_BUNDLE_IDENTIFIER = com.JerExplosion.FireBreezeTest;
				PRODUCT_NAME = "$(TARGET_NAME)";
				SWIFT_VERSION = 5.0;
				TARGETED_DEVICE_FAMILY = "1,2";
				TEST_HOST = "$(BUILT_PRODUCTS_DIR)/FireStyleFireBaseJutsu.app/FireStyleFireBaseJutsu";
			};
			name = Release;
		};
		8FBD64FA24CF661900075A4F /* Debug */ = {
			isa = XCBuildConfiguration;
			buildSettings = {
				ALWAYS_SEARCH_USER_PATHS = NO;
				CLANG_ANALYZER_NONNULL = YES;
				CLANG_ANALYZER_NUMBER_OBJECT_CONVERSION = YES_AGGRESSIVE;
				CLANG_CXX_LANGUAGE_STANDARD = "gnu++14";
				CLANG_CXX_LIBRARY = "libc++";
				CLANG_ENABLE_MODULES = YES;
				CLANG_ENABLE_OBJC_ARC = YES;
				CLANG_ENABLE_OBJC_WEAK = YES;
				CLANG_WARN_BLOCK_CAPTURE_AUTORELEASING = YES;
				CLANG_WARN_BOOL_CONVERSION = YES;
				CLANG_WARN_COMMA = YES;
				CLANG_WARN_CONSTANT_CONVERSION = YES;
				CLANG_WARN_DEPRECATED_OBJC_IMPLEMENTATIONS = YES;
				CLANG_WARN_DIRECT_OBJC_ISA_USAGE = YES_ERROR;
				CLANG_WARN_DOCUMENTATION_COMMENTS = YES;
				CLANG_WARN_EMPTY_BODY = YES;
				CLANG_WARN_ENUM_CONVERSION = YES;
				CLANG_WARN_INFINITE_RECURSION = YES;
				CLANG_WARN_INT_CONVERSION = YES;
				CLANG_WARN_NON_LITERAL_NULL_CONVERSION = YES;
				CLANG_WARN_OBJC_IMPLICIT_RETAIN_SELF = YES;
				CLANG_WARN_OBJC_LITERAL_CONVERSION = YES;
				CLANG_WARN_OBJC_ROOT_CLASS = YES_ERROR;
				CLANG_WARN_RANGE_LOOP_ANALYSIS = YES;
				CLANG_WARN_STRICT_PROTOTYPES = YES;
				CLANG_WARN_SUSPICIOUS_MOVE = YES;
				CLANG_WARN_UNGUARDED_AVAILABILITY = YES_AGGRESSIVE;
				CLANG_WARN_UNREACHABLE_CODE = YES;
				CLANG_WARN__DUPLICATE_METHOD_MATCH = YES;
				COPY_PHASE_STRIP = NO;
				DEBUG_INFORMATION_FORMAT = dwarf;
				ENABLE_STRICT_OBJC_MSGSEND = YES;
				ENABLE_TESTABILITY = YES;
				GCC_C_LANGUAGE_STANDARD = gnu11;
				GCC_DYNAMIC_NO_PIC = NO;
				GCC_NO_COMMON_BLOCKS = YES;
				GCC_OPTIMIZATION_LEVEL = 0;
				GCC_PREPROCESSOR_DEFINITIONS = (
					"DEBUG=1",
					"$(inherited)",
				);
				GCC_WARN_64_TO_32_BIT_CONVERSION = YES;
				GCC_WARN_ABOUT_RETURN_TYPE = YES_ERROR;
				GCC_WARN_UNDECLARED_SELECTOR = YES;
				GCC_WARN_UNINITIALIZED_AUTOS = YES_AGGRESSIVE;
				GCC_WARN_UNUSED_FUNCTION = YES;
				GCC_WARN_UNUSED_VARIABLE = YES;
				IPHONEOS_DEPLOYMENT_TARGET = 13.4;
				MTL_ENABLE_DEBUG_INFO = INCLUDE_SOURCE;
				MTL_FAST_MATH = YES;
				ONLY_ACTIVE_ARCH = YES;
				SDKROOT = iphoneos;
				SWIFT_ACTIVE_COMPILATION_CONDITIONS = DEBUG;
				SWIFT_OPTIMIZATION_LEVEL = "-Onone";
			};
			name = Debug;
		};
		8FBD64FB24CF661900075A4F /* Release */ = {
			isa = XCBuildConfiguration;
			buildSettings = {
				ALWAYS_SEARCH_USER_PATHS = NO;
				CLANG_ANALYZER_NONNULL = YES;
				CLANG_ANALYZER_NUMBER_OBJECT_CONVERSION = YES_AGGRESSIVE;
				CLANG_CXX_LANGUAGE_STANDARD = "gnu++14";
				CLANG_CXX_LIBRARY = "libc++";
				CLANG_ENABLE_MODULES = YES;
				CLANG_ENABLE_OBJC_ARC = YES;
				CLANG_ENABLE_OBJC_WEAK = YES;
				CLANG_WARN_BLOCK_CAPTURE_AUTORELEASING = YES;
				CLANG_WARN_BOOL_CONVERSION = YES;
				CLANG_WARN_COMMA = YES;
				CLANG_WARN_CONSTANT_CONVERSION = YES;
				CLANG_WARN_DEPRECATED_OBJC_IMPLEMENTATIONS = YES;
				CLANG_WARN_DIRECT_OBJC_ISA_USAGE = YES_ERROR;
				CLANG_WARN_DOCUMENTATION_COMMENTS = YES;
				CLANG_WARN_EMPTY_BODY = YES;
				CLANG_WARN_ENUM_CONVERSION = YES;
				CLANG_WARN_INFINITE_RECURSION = YES;
				CLANG_WARN_INT_CONVERSION = YES;
				CLANG_WARN_NON_LITERAL_NULL_CONVERSION = YES;
				CLANG_WARN_OBJC_IMPLICIT_RETAIN_SELF = YES;
				CLANG_WARN_OBJC_LITERAL_CONVERSION = YES;
				CLANG_WARN_OBJC_ROOT_CLASS = YES_ERROR;
				CLANG_WARN_RANGE_LOOP_ANALYSIS = YES;
				CLANG_WARN_STRICT_PROTOTYPES = YES;
				CLANG_WARN_SUSPICIOUS_MOVE = YES;
				CLANG_WARN_UNGUARDED_AVAILABILITY = YES_AGGRESSIVE;
				CLANG_WARN_UNREACHABLE_CODE = YES;
				CLANG_WARN__DUPLICATE_METHOD_MATCH = YES;
				COPY_PHASE_STRIP = NO;
				DEBUG_INFORMATION_FORMAT = "dwarf-with-dsym";
				ENABLE_NS_ASSERTIONS = NO;
				ENABLE_STRICT_OBJC_MSGSEND = YES;
				GCC_C_LANGUAGE_STANDARD = gnu11;
				GCC_NO_COMMON_BLOCKS = YES;
				GCC_WARN_64_TO_32_BIT_CONVERSION = YES;
				GCC_WARN_ABOUT_RETURN_TYPE = YES_ERROR;
				GCC_WARN_UNDECLARED_SELECTOR = YES;
				GCC_WARN_UNINITIALIZED_AUTOS = YES_AGGRESSIVE;
				GCC_WARN_UNUSED_FUNCTION = YES;
				GCC_WARN_UNUSED_VARIABLE = YES;
				IPHONEOS_DEPLOYMENT_TARGET = 13.4;
				MTL_ENABLE_DEBUG_INFO = NO;
				MTL_FAST_MATH = YES;
				SDKROOT = iphoneos;
				SWIFT_COMPILATION_MODE = wholemodule;
				SWIFT_OPTIMIZATION_LEVEL = "-O";
				VALIDATE_PRODUCT = YES;
			};
			name = Release;
		};
		8FBD64FD24CF661900075A4F /* Debug */ = {
			isa = XCBuildConfiguration;
			baseConfigurationReference = 08CEB9B26963B7F822FA6FC9 /* Pods-FireStyleFireBaseJutsu.debug.xcconfig */;
			buildSettings = {
				ASSETCATALOG_COMPILER_APPICON_NAME = AppIcon;
				CODE_SIGN_STYLE = Automatic;
				DEVELOPMENT_TEAM = AAPS2WKL6R;
				INFOPLIST_FILE = FireStyleFireBaseJutsu/Info.plist;
				LD_RUNPATH_SEARCH_PATHS = (
					"$(inherited)",
					"@executable_path/Frameworks",
				);
				PRODUCT_BUNDLE_IDENTIFIER = com.JerExplosion.FireStyleFireBaseJutsu;
				PRODUCT_NAME = "$(TARGET_NAME)";
				SWIFT_VERSION = 5.0;
				TARGETED_DEVICE_FAMILY = "1,2";
			};
			name = Debug;
		};
		8FBD64FE24CF661900075A4F /* Release */ = {
			isa = XCBuildConfiguration;
			baseConfigurationReference = FF1735016E541580C50A3EA6 /* Pods-FireStyleFireBaseJutsu.release.xcconfig */;
			buildSettings = {
				ASSETCATALOG_COMPILER_APPICON_NAME = AppIcon;
				CODE_SIGN_STYLE = Automatic;
				DEVELOPMENT_TEAM = AAPS2WKL6R;
				INFOPLIST_FILE = FireStyleFireBaseJutsu/Info.plist;
				LD_RUNPATH_SEARCH_PATHS = (
					"$(inherited)",
					"@executable_path/Frameworks",
				);
				PRODUCT_BUNDLE_IDENTIFIER = com.JerExplosion.FireStyleFireBaseJutsu;
				PRODUCT_NAME = "$(TARGET_NAME)";
				SWIFT_VERSION = 5.0;
				TARGETED_DEVICE_FAMILY = "1,2";
			};
			name = Release;
		};
/* End XCBuildConfiguration section */

/* Begin XCConfigurationList section */
		8F2F649624E46C8D0024C6A9 /* Build configuration list for PBXNativeTarget "FireBreezeTest" */ = {
			isa = XCConfigurationList;
			buildConfigurations = (
				8F2F649424E46C8D0024C6A9 /* Debug */,
				8F2F649524E46C8D0024C6A9 /* Release */,
			);
			defaultConfigurationIsVisible = 0;
			defaultConfigurationName = Release;
		};
		8FBD64E324CF661500075A4F /* Build configuration list for PBXProject "FireStyleFireBaseJutsu" */ = {
			isa = XCConfigurationList;
			buildConfigurations = (
				8FBD64FA24CF661900075A4F /* Debug */,
				8FBD64FB24CF661900075A4F /* Release */,
			);
			defaultConfigurationIsVisible = 0;
			defaultConfigurationName = Release;
		};
		8FBD64FC24CF661900075A4F /* Build configuration list for PBXNativeTarget "FireStyleFireBaseJutsu" */ = {
			isa = XCConfigurationList;
			buildConfigurations = (
				8FBD64FD24CF661900075A4F /* Debug */,
				8FBD64FE24CF661900075A4F /* Release */,
			);
			defaultConfigurationIsVisible = 0;
			defaultConfigurationName = Release;
		};
/* End XCConfigurationList section */

/* Begin XCVersionGroup section */
		8FD47FC324D0BEB100235FFE /* VirtualContacts.xcdatamodeld */ = {
			isa = XCVersionGroup;
			children = (
				8FD47FC424D0BEB100235FFE /* VirtualContacts.xcdatamodel */,
			);
			currentVersion = 8FD47FC424D0BEB100235FFE /* VirtualContacts.xcdatamodel */;
			path = VirtualContacts.xcdatamodeld;
			sourceTree = "<group>";
			versionGroupType = wrapper.xcdatamodel;
		};
/* End XCVersionGroup section */
	};
	rootObject = 8FBD64E024CF661500075A4F /* Project object */;
}
